
Microsoft Visual Studio Solution File, Format Version 12.00
# Visual Studio Version 16
VisualStudioVersion = 16.0.29905.134
MinimumVisualStudioVersion = 10.0.40219.1
Project("{FAE04EC0-301F-11D3-BF4B-00C04F79EFBC}") = "WEB2Project", "WEB2Project.csproj", "{6032BD88-E2F9-44F4-BFCA-7F3027C324C6}"
EndProject
Global
	GlobalSection(SolutionConfigurationPlatforms) = preSolution
		Debug|Any CPU = Debug|Any CPU
		Release|Any CPU = Release|Any CPU
	EndGlobalSection
	GlobalSection(ProjectConfigurationPlatforms) = postSolution
		{6032BD88-E2F9-44F4-BFCA-7F3027C324C6}.Debug|Any CPU.ActiveCfg = Debug|Any CPU
		{6032BD88-E2F9-44F4-BFCA-7F3027C324C6}.Debug|Any CPU.Build.0 = Debug|Any CPU
		{6032BD88-E2F9-44F4-BFCA-7F3027C324C6}.Release|Any CPU.ActiveCfg = Release|Any CPU
		{6032BD88-E2F9-44F4-BFCA-7F3027C324C6}.Release|Any CPU.Build.0 = Release|Any CPU
	EndGlobalSection
	GlobalSection(SolutionProperties) = preSolution
		HideSolutionNode = FALSE
	EndGlobalSection
	GlobalSection(ExtensibilityGlobals) = postSolution
		SolutionGuid = {7D4D5CAB-0F7A-448F-861E-E1584E31BFCB}
	EndGlobalSection
EndGlobal
